
Microsoft Visual Studio Solution File, Format Version 12.00
# Visual Studio Version 16
VisualStudioVersion = 16.0.31005.135
MinimumVisualStudioVersion = 10.0.40219.1
Project("{FAE04EC0-301F-11D3-BF4B-00C04F79EFBC}") = "recursividad-práctica", "recursividad-práctica\recursividad-práctica.csproj", "{5F20D6AB-90E7-434D-A564-475ADD0CEF7E}"
EndProject
Global
	GlobalSection(SolutionConfigurationPlatforms) = preSolution
		Debug|Any CPU = Debug|Any CPU
		Release|Any CPU = Release|Any CPU
	EndGlobalSection
	GlobalSection(ProjectConfigurationPlatforms) = postSolution
		{5F20D6AB-90E7-434D-A564-475ADD0CEF7E}.Debug|Any CPU.ActiveCfg = Debug|Any CPU
		{5F20D6AB-90E7-434D-A564-475ADD0CEF7E}.Debug|Any CPU.Build.0 = Debug|Any CPU
		{5F20D6AB-90E7-434D-A564-475ADD0CEF7E}.Release|Any CPU.ActiveCfg = Release|Any CPU
		{5F20D6AB-90E7-434D-A564-475ADD0CEF7E}.Release|Any CPU.Build.0 = Release|Any CPU
	EndGlobalSection
	GlobalSection(SolutionProperties) = preSolution
		HideSolutionNode = FALSE
	EndGlobalSection
	GlobalSection(ExtensibilityGlobals) = postSolution
		SolutionGuid = {77B57F1F-E84D-4245-B1DC-F94D0F30F21C}
	EndGlobalSection
EndGlobal
